
Microsoft Visual Studio Solution File, Format Version 12.00
# Visual Studio 15
VisualStudioVersion = 15.0.26124.0
MinimumVisualStudioVersion = 15.0.26124.0
Project("{9A19103F-16F7-4668-BE54-9A1E7A4F7556}") = "Sample.Consumer", "Sample.Consumer\Sample.Consumer.csproj", "{E47BD7FC-FD4A-44BF-AA67-787CDE3C8A21}"
EndProject
Project("{9A19103F-16F7-4668-BE54-9A1E7A4F7556}") = "Sample.Generator", "Sample.Generator\Sample.Generator.csproj", "{F15F35D6-932C-40BB-9CB9-56EC6F1942AE}"
EndProject
Global
	GlobalSection(SolutionConfigurationPlatforms) = preSolution
		Debug|Any CPU = Debug|Any CPU
		Release|Any CPU = Release|Any CPU
	EndGlobalSection
	GlobalSection(ProjectConfigurationPlatforms) = postSolution
		{E47BD7FC-FD4A-44BF-AA67-787CDE3C8A21}.Debug|Any CPU.ActiveCfg = Debug|Any CPU
		{E47BD7FC-FD4A-44BF-AA67-787CDE3C8A21}.Debug|Any CPU.Build.0 = Debug|Any CPU
		{E47BD7FC-FD4A-44BF-AA67-787CDE3C8A21}.Release|Any CPU.ActiveCfg = Release|Any CPU
		{E47BD7FC-FD4A-44BF-AA67-787CDE3C8A21}.Release|Any CPU.Build.0 = Release|Any CPU
		{F15F35D6-932C-40BB-9CB9-56EC6F1942AE}.Debug|Any CPU.ActiveCfg = Debug|Any CPU
		{F15F35D6-932C-40BB-9CB9-56EC6F1942AE}.Debug|Any CPU.Build.0 = Debug|Any CPU
		{F15F35D6-932C-40BB-9CB9-56EC6F1942AE}.Release|Any CPU.ActiveCfg = Release|Any CPU
		{F15F35D6-932C-40BB-9CB9-56EC6F1942AE}.Release|Any CPU.Build.0 = Release|Any CPU
	EndGlobalSection
	GlobalSection(SolutionProperties) = preSolution
		HideSolutionNode = FALSE
	EndGlobalSection
	GlobalSection(ExtensibilityGlobals) = postSolution
		SolutionGuid = {18247316-A7C2-4598-82BF-F9103F2C6084}
	EndGlobalSection
EndGlobal
