
Microsoft Visual Studio Solution File, Format Version 12.00
# Visual Studio 14
VisualStudioVersion = 14.0.24720.0
MinimumVisualStudioVersion = 10.0.40219.1
Project("{FAE04EC0-301F-11D3-BF4B-00C04F79EFBC}") = "CodeGeneration.Roslyn", "CodeGeneration.Roslyn\CodeGeneration.Roslyn.csproj", "{80CEA17A-2175-4CD5-BED8-4B6CFB98CF3B}"
EndProject
Project("{2150E333-8FDC-42A3-9474-1A3956D46DE8}") = "Solution Items", "Solution Items", "{0BA25C7A-1A7A-43DA-BF47-202B54C75C9B}"
	ProjectSection(SolutionItems) = preProject
		..\.gitignore = ..\.gitignore
		..\LICENSE.txt = ..\LICENSE.txt
		..\nuget.config = ..\nuget.config
		..\README.md = ..\README.md
		stylecop.json = stylecop.json
		version.json = version.json
	EndProjectSection
EndProject
Project("{FF286327-C783-4F7A-AB73-9BCBAD0D4460}") = "CodeGeneration.Roslyn.NuGet", "CodeGeneration.Roslyn.NuGet\CodeGeneration.Roslyn.NuGet.nuproj", "{9BBF02A9-E3B9-4360-89B5-DDE053BD8135}"
EndProject
Project("{FAE04EC0-301F-11D3-BF4B-00C04F79EFBC}") = "CodeGeneration.Roslyn.Tasks", "CodeGeneration.Roslyn.Tasks\CodeGeneration.Roslyn.Tasks.csproj", "{7230A93F-AE08-44BD-AFF1-D12690333F7F}"
EndProject
Project("{FAE04EC0-301F-11D3-BF4B-00C04F79EFBC}") = "CodeGeneration.Roslyn.Tests.Generators", "CodeGeneration.Roslyn.Tests.Generators\CodeGeneration.Roslyn.Tests.Generators.csproj", "{A638A7EB-3923-4596-8852-D90831D103EC}"
EndProject
Project("{FAE04EC0-301F-11D3-BF4B-00C04F79EFBC}") = "CodeGeneration.Roslyn.Tests", "CodeGeneration.Roslyn.Tests\CodeGeneration.Roslyn.Tests.csproj", "{CF2097A8-C5FC-49C4-BB2A-5B2E6680C336}"
EndProject
Project("{FAE04EC0-301F-11D3-BF4B-00C04F79EFBC}") = "CodeGeneration.Roslyn.Tests.RunBuild", "CodeGeneration.Roslyn.Tests.RunBuild\CodeGeneration.Roslyn.Tests.RunBuild.csproj", "{8D661DAD-3E54-4E92-B967-0F8652841B7A}"
EndProject
Project("{FAE04EC0-301F-11D3-BF4B-00C04F79EFBC}") = "CodeGeneration.Roslyn.Attributes", "CodeGeneration.Roslyn.Attributes\CodeGeneration.Roslyn.Attributes.csproj", "{A68DF260-4305-4D1D-8FF0-1E6C128286AE}"
EndProject
Project("{FAE04EC0-301F-11D3-BF4B-00C04F79EFBC}") = "CodeGeneration.Roslyn.Attributes.Net40", "CodeGeneration.Roslyn.Attributes.Net40\CodeGeneration.Roslyn.Attributes.Net40.csproj", "{D5FF965A-6AC9-42EC-AB18-00B857E7A613}"
EndProject
Global
	GlobalSection(SolutionConfigurationPlatforms) = preSolution
		Debug|Any CPU = Debug|Any CPU
		Release|Any CPU = Release|Any CPU
	EndGlobalSection
	GlobalSection(ProjectConfigurationPlatforms) = postSolution
		{80CEA17A-2175-4CD5-BED8-4B6CFB98CF3B}.Debug|Any CPU.ActiveCfg = Debug|Any CPU
		{80CEA17A-2175-4CD5-BED8-4B6CFB98CF3B}.Debug|Any CPU.Build.0 = Debug|Any CPU
		{80CEA17A-2175-4CD5-BED8-4B6CFB98CF3B}.Release|Any CPU.ActiveCfg = Release|Any CPU
		{80CEA17A-2175-4CD5-BED8-4B6CFB98CF3B}.Release|Any CPU.Build.0 = Release|Any CPU
		{9BBF02A9-E3B9-4360-89B5-DDE053BD8135}.Debug|Any CPU.ActiveCfg = Debug|Any CPU
		{9BBF02A9-E3B9-4360-89B5-DDE053BD8135}.Debug|Any CPU.Build.0 = Debug|Any CPU
		{9BBF02A9-E3B9-4360-89B5-DDE053BD8135}.Release|Any CPU.ActiveCfg = Release|Any CPU
		{9BBF02A9-E3B9-4360-89B5-DDE053BD8135}.Release|Any CPU.Build.0 = Release|Any CPU
		{7230A93F-AE08-44BD-AFF1-D12690333F7F}.Debug|Any CPU.ActiveCfg = Debug|Any CPU
		{7230A93F-AE08-44BD-AFF1-D12690333F7F}.Debug|Any CPU.Build.0 = Debug|Any CPU
		{7230A93F-AE08-44BD-AFF1-D12690333F7F}.Release|Any CPU.ActiveCfg = Release|Any CPU
		{7230A93F-AE08-44BD-AFF1-D12690333F7F}.Release|Any CPU.Build.0 = Release|Any CPU
		{A638A7EB-3923-4596-8852-D90831D103EC}.Debug|Any CPU.ActiveCfg = Debug|Any CPU
		{A638A7EB-3923-4596-8852-D90831D103EC}.Debug|Any CPU.Build.0 = Debug|Any CPU
		{A638A7EB-3923-4596-8852-D90831D103EC}.Release|Any CPU.ActiveCfg = Release|Any CPU
		{A638A7EB-3923-4596-8852-D90831D103EC}.Release|Any CPU.Build.0 = Release|Any CPU
		{CF2097A8-C5FC-49C4-BB2A-5B2E6680C336}.Debug|Any CPU.ActiveCfg = Debug|Any CPU
		{CF2097A8-C5FC-49C4-BB2A-5B2E6680C336}.Debug|Any CPU.Build.0 = Debug|Any CPU
		{CF2097A8-C5FC-49C4-BB2A-5B2E6680C336}.Release|Any CPU.ActiveCfg = Release|Any CPU
		{CF2097A8-C5FC-49C4-BB2A-5B2E6680C336}.Release|Any CPU.Build.0 = Release|Any CPU
		{8D661DAD-3E54-4E92-B967-0F8652841B7A}.Debug|Any CPU.ActiveCfg = Debug|Any CPU
		{8D661DAD-3E54-4E92-B967-0F8652841B7A}.Debug|Any CPU.Build.0 = Debug|Any CPU
		{8D661DAD-3E54-4E92-B967-0F8652841B7A}.Release|Any CPU.ActiveCfg = Release|Any CPU
		{8D661DAD-3E54-4E92-B967-0F8652841B7A}.Release|Any CPU.Build.0 = Release|Any CPU
		{A68DF260-4305-4D1D-8FF0-1E6C128286AE}.Debug|Any CPU.ActiveCfg = Debug|Any CPU
		{A68DF260-4305-4D1D-8FF0-1E6C128286AE}.Debug|Any CPU.Build.0 = Debug|Any CPU
		{A68DF260-4305-4D1D-8FF0-1E6C128286AE}.Release|Any CPU.ActiveCfg = Release|Any CPU
		{A68DF260-4305-4D1D-8FF0-1E6C128286AE}.Release|Any CPU.Build.0 = Release|Any CPU
		{D5FF965A-6AC9-42EC-AB18-00B857E7A613}.Debug|Any CPU.ActiveCfg = Debug|Any CPU
		{D5FF965A-6AC9-42EC-AB18-00B857E7A613}.Debug|Any CPU.Build.0 = Debug|Any CPU
		{D5FF965A-6AC9-42EC-AB18-00B857E7A613}.Release|Any CPU.ActiveCfg = Release|Any CPU
		{D5FF965A-6AC9-42EC-AB18-00B857E7A613}.Release|Any CPU.Build.0 = Release|Any CPU
	EndGlobalSection
	GlobalSection(SolutionProperties) = preSolution
		HideSolutionNode = FALSE
	EndGlobalSection
EndGlobal
