
Microsoft Visual Studio Solution File, Format Version 12.00
# Visual Studio 15
VisualStudioVersion = 15.0.26406.2
MinimumVisualStudioVersion = 10.0.40219.1
Project("{2150E333-8FDC-42A3-9474-1A3956D46DE8}") = "Solution Items", "Solution Items", "{0BA25C7A-1A7A-43DA-BF47-202B54C75C9B}"
	ProjectSection(SolutionItems) = preProject
		..\.gitignore = ..\.gitignore
		..\azure-pipeline.yml = ..\azure-pipeline.yml
		CodeGeneration.Roslyn.ruleset = CodeGeneration.Roslyn.ruleset
		CodeGeneration.Roslyn.Tests.ruleset = CodeGeneration.Roslyn.Tests.ruleset
		..\CONTRIBUTION.md = ..\CONTRIBUTION.md
		Directory.Build.props = Directory.Build.props
		global.json = global.json
		..\LICENSE.txt = ..\LICENSE.txt
		nuget.config = nuget.config
		..\README.md = ..\README.md
		stylecop.json = stylecop.json
		version.json = version.json
	EndProjectSection
EndProject
Project("{9A19103F-16F7-4668-BE54-9A1E7A4F7556}") = "CodeGeneration.Roslyn.Attributes", "CodeGeneration.Roslyn.Attributes\CodeGeneration.Roslyn.Attributes.csproj", "{0E3F218E-0B47-4925-8FDB-8A8BC4C01DCD}"
EndProject
Project("{9A19103F-16F7-4668-BE54-9A1E7A4F7556}") = "CodeGeneration.Roslyn", "CodeGeneration.Roslyn\CodeGeneration.Roslyn.csproj", "{09465031-08F8-4632-9C26-AC561B6E3538}"
EndProject
Project("{9A19103F-16F7-4668-BE54-9A1E7A4F7556}") = "CodeGeneration.Roslyn.Tasks", "CodeGeneration.Roslyn.Tasks\CodeGeneration.Roslyn.Tasks.csproj", "{D5240C82-6F90-48F8-9192-DA53EE1B0355}"
EndProject
Project("{9A19103F-16F7-4668-BE54-9A1E7A4F7556}") = "CodeGeneration.Roslyn.Tests", "CodeGeneration.Roslyn.Tests\CodeGeneration.Roslyn.Tests.csproj", "{D8E7323F-6721-42A5-BADA-496A63DB0A88}"
EndProject
Project("{9A19103F-16F7-4668-BE54-9A1E7A4F7556}") = "CodeGeneration.Roslyn.Tests.Generators", "CodeGeneration.Roslyn.Tests.Generators\CodeGeneration.Roslyn.Tests.Generators.csproj", "{8B57E557-EF79-47E4-9396-135850304990}"
EndProject
Project("{9A19103F-16F7-4668-BE54-9A1E7A4F7556}") = "CodeGeneration.Roslyn.Tests.RunBuild", "CodeGeneration.Roslyn.Tests.RunBuild\CodeGeneration.Roslyn.Tests.RunBuild.csproj", "{3162A2B3-5FEF-454C-AB50-A103883CC2F4}"
EndProject
Project("{9A19103F-16F7-4668-BE54-9A1E7A4F7556}") = "CodeGeneration.Roslyn.Tool", "CodeGeneration.Roslyn.Tool\CodeGeneration.Roslyn.Tool.csproj", "{23424A10-0ED4-4906-9CF7-6D34E3F871E2}"
EndProject
Project("{9A19103F-16F7-4668-BE54-9A1E7A4F7556}") = "CodeGeneration.Roslyn.Tests.Generators.Dependency", "CodeGeneration.Roslyn.Tests.Generators.Dependency\CodeGeneration.Roslyn.Tests.Generators.Dependency.csproj", "{3F88FB1C-AAAE-4D3E-B816-220CDF096E1A}"
EndProject
Project("{9A19103F-16F7-4668-BE54-9A1E7A4F7556}") = "CodeGeneration.Roslyn.Engine", "CodeGeneration.Roslyn.Engine\CodeGeneration.Roslyn.Engine.csproj", "{AF80F00E-6367-4D8D-937D-BF61ED9E7205}"
EndProject
Project("{2150E333-8FDC-42A3-9474-1A3956D46DE8}") = "lib", "lib", "{654F1532-27EE-4854-B0EC-45F9075FF968}"
EndProject
Project("{2150E333-8FDC-42A3-9474-1A3956D46DE8}") = "tests", "tests", "{D753E49D-90A8-40AF-918F-21BCDB296D1D}"
EndProject
Global
	GlobalSection(SolutionConfigurationPlatforms) = preSolution
		Debug|Any CPU = Debug|Any CPU
		Release|Any CPU = Release|Any CPU
	EndGlobalSection
	GlobalSection(ProjectConfigurationPlatforms) = postSolution
		{0E3F218E-0B47-4925-8FDB-8A8BC4C01DCD}.Debug|Any CPU.ActiveCfg = Debug|Any CPU
		{0E3F218E-0B47-4925-8FDB-8A8BC4C01DCD}.Debug|Any CPU.Build.0 = Debug|Any CPU
		{0E3F218E-0B47-4925-8FDB-8A8BC4C01DCD}.Release|Any CPU.ActiveCfg = Release|Any CPU
		{0E3F218E-0B47-4925-8FDB-8A8BC4C01DCD}.Release|Any CPU.Build.0 = Release|Any CPU
		{09465031-08F8-4632-9C26-AC561B6E3538}.Debug|Any CPU.ActiveCfg = Debug|Any CPU
		{09465031-08F8-4632-9C26-AC561B6E3538}.Debug|Any CPU.Build.0 = Debug|Any CPU
		{09465031-08F8-4632-9C26-AC561B6E3538}.Release|Any CPU.ActiveCfg = Release|Any CPU
		{09465031-08F8-4632-9C26-AC561B6E3538}.Release|Any CPU.Build.0 = Release|Any CPU
		{D5240C82-6F90-48F8-9192-DA53EE1B0355}.Debug|Any CPU.ActiveCfg = Debug|Any CPU
		{D5240C82-6F90-48F8-9192-DA53EE1B0355}.Debug|Any CPU.Build.0 = Debug|Any CPU
		{D5240C82-6F90-48F8-9192-DA53EE1B0355}.Release|Any CPU.ActiveCfg = Release|Any CPU
		{D5240C82-6F90-48F8-9192-DA53EE1B0355}.Release|Any CPU.Build.0 = Release|Any CPU
		{D8E7323F-6721-42A5-BADA-496A63DB0A88}.Debug|Any CPU.ActiveCfg = Debug|Any CPU
		{D8E7323F-6721-42A5-BADA-496A63DB0A88}.Debug|Any CPU.Build.0 = Debug|Any CPU
		{D8E7323F-6721-42A5-BADA-496A63DB0A88}.Release|Any CPU.ActiveCfg = Release|Any CPU
		{D8E7323F-6721-42A5-BADA-496A63DB0A88}.Release|Any CPU.Build.0 = Release|Any CPU
		{8B57E557-EF79-47E4-9396-135850304990}.Debug|Any CPU.ActiveCfg = Debug|Any CPU
		{8B57E557-EF79-47E4-9396-135850304990}.Debug|Any CPU.Build.0 = Debug|Any CPU
		{8B57E557-EF79-47E4-9396-135850304990}.Release|Any CPU.ActiveCfg = Release|Any CPU
		{8B57E557-EF79-47E4-9396-135850304990}.Release|Any CPU.Build.0 = Release|Any CPU
		{3162A2B3-5FEF-454C-AB50-A103883CC2F4}.Debug|Any CPU.ActiveCfg = Debug|Any CPU
		{3162A2B3-5FEF-454C-AB50-A103883CC2F4}.Debug|Any CPU.Build.0 = Debug|Any CPU
		{3162A2B3-5FEF-454C-AB50-A103883CC2F4}.Release|Any CPU.ActiveCfg = Release|Any CPU
		{3162A2B3-5FEF-454C-AB50-A103883CC2F4}.Release|Any CPU.Build.0 = Release|Any CPU
		{23424A10-0ED4-4906-9CF7-6D34E3F871E2}.Debug|Any CPU.ActiveCfg = Debug|Any CPU
		{23424A10-0ED4-4906-9CF7-6D34E3F871E2}.Debug|Any CPU.Build.0 = Debug|Any CPU
		{23424A10-0ED4-4906-9CF7-6D34E3F871E2}.Release|Any CPU.ActiveCfg = Release|Any CPU
		{23424A10-0ED4-4906-9CF7-6D34E3F871E2}.Release|Any CPU.Build.0 = Release|Any CPU
		{3F88FB1C-AAAE-4D3E-B816-220CDF096E1A}.Debug|Any CPU.ActiveCfg = Debug|Any CPU
		{3F88FB1C-AAAE-4D3E-B816-220CDF096E1A}.Debug|Any CPU.Build.0 = Debug|Any CPU
		{3F88FB1C-AAAE-4D3E-B816-220CDF096E1A}.Release|Any CPU.ActiveCfg = Release|Any CPU
		{3F88FB1C-AAAE-4D3E-B816-220CDF096E1A}.Release|Any CPU.Build.0 = Release|Any CPU
		{AF80F00E-6367-4D8D-937D-BF61ED9E7205}.Debug|Any CPU.ActiveCfg = Debug|Any CPU
		{AF80F00E-6367-4D8D-937D-BF61ED9E7205}.Debug|Any CPU.Build.0 = Debug|Any CPU
		{AF80F00E-6367-4D8D-937D-BF61ED9E7205}.Release|Any CPU.ActiveCfg = Release|Any CPU
		{AF80F00E-6367-4D8D-937D-BF61ED9E7205}.Release|Any CPU.Build.0 = Release|Any CPU
	EndGlobalSection
	GlobalSection(SolutionProperties) = preSolution
		HideSolutionNode = FALSE
	EndGlobalSection
	GlobalSection(NestedProjects) = preSolution
		{0E3F218E-0B47-4925-8FDB-8A8BC4C01DCD} = {654F1532-27EE-4854-B0EC-45F9075FF968}
		{09465031-08F8-4632-9C26-AC561B6E3538} = {654F1532-27EE-4854-B0EC-45F9075FF968}
		{D5240C82-6F90-48F8-9192-DA53EE1B0355} = {654F1532-27EE-4854-B0EC-45F9075FF968}
		{D8E7323F-6721-42A5-BADA-496A63DB0A88} = {D753E49D-90A8-40AF-918F-21BCDB296D1D}
		{8B57E557-EF79-47E4-9396-135850304990} = {D753E49D-90A8-40AF-918F-21BCDB296D1D}
		{3162A2B3-5FEF-454C-AB50-A103883CC2F4} = {D753E49D-90A8-40AF-918F-21BCDB296D1D}
		{3F88FB1C-AAAE-4D3E-B816-220CDF096E1A} = {D753E49D-90A8-40AF-918F-21BCDB296D1D}
		{AF80F00E-6367-4D8D-937D-BF61ED9E7205} = {654F1532-27EE-4854-B0EC-45F9075FF968}
	EndGlobalSection
	GlobalSection(ExtensibilityGlobals) = postSolution
		SolutionGuid = {4F15606A-A60D-4F68-828C-56A6D217B04C}
	EndGlobalSection
EndGlobal
